
Microsoft Visual Studio Solution File, Format Version 12.00
# Visual Studio Version 16
VisualStudioVersion = 16.0.32413.511
MinimumVisualStudioVersion = 10.0.40219.1
Project("{9A19103F-16F7-4668-BE54-9A1E7A4F7556}") = "DotNetCoreProject", "DotNetCoreProject\DotNetCoreProject.csproj", "{26D0C896-61FD-4F5F-88D8-0BEB65C34168}"
EndProject
Project("{FAE04EC0-301F-11D3-BF4B-00C04F79EFBC}") = "DLL", "DLL\DLL.csproj", "{C7B46823-E85F-4D3E-8308-70A4043575AA}"
EndProject
Global
	GlobalSection(SolutionConfigurationPlatforms) = preSolution
		Debug|Any CPU = Debug|Any CPU
		Release|Any CPU = Release|Any CPU
	EndGlobalSection
	GlobalSection(ProjectConfigurationPlatforms) = postSolution
		{26D0C896-61FD-4F5F-88D8-0BEB65C34168}.Debug|Any CPU.ActiveCfg = Debug|Any CPU
		{26D0C896-61FD-4F5F-88D8-0BEB65C34168}.Debug|Any CPU.Build.0 = Debug|Any CPU
		{26D0C896-61FD-4F5F-88D8-0BEB65C34168}.Release|Any CPU.ActiveCfg = Release|Any CPU
		{26D0C896-61FD-4F5F-88D8-0BEB65C34168}.Release|Any CPU.Build.0 = Release|Any CPU
		{C7B46823-E85F-4D3E-8308-70A4043575AA}.Debug|Any CPU.ActiveCfg = Debug|Any CPU
		{C7B46823-E85F-4D3E-8308-70A4043575AA}.Debug|Any CPU.Build.0 = Debug|Any CPU
		{C7B46823-E85F-4D3E-8308-70A4043575AA}.Release|Any CPU.ActiveCfg = Release|Any CPU
		{C7B46823-E85F-4D3E-8308-70A4043575AA}.Release|Any CPU.Build.0 = Release|Any CPU
	EndGlobalSection
	GlobalSection(SolutionProperties) = preSolution
		HideSolutionNode = FALSE
	EndGlobalSection
	GlobalSection(ExtensibilityGlobals) = postSolution
		SolutionGuid = {8BDBD257-8773-4333-BB26-4956A6F9BC44}
	EndGlobalSection
EndGlobal
